PODS:
  - LicensePlist (2.16.0)
  - Realm (5.3.2):
    - Realm/Headers (= 5.3.2)
  - Realm/Headers (5.3.2)
  - RealmSwift (5.3.2):
    - Realm (= 5.3.2)

DEPENDENCIES:
  - LicensePlist
  - RealmSwift

SPEC REPOS:
  trunk:
    - LicensePlist
    - Realm
    - RealmSwift

SPEC CHECKSUMS:
  LicensePlist: 26afd3ef32fffcc649a15b31d96fef5eded65497
  Realm: c6794276ca8884808ba168a22f9d71362b170b85
  RealmSwift: 42ec6cec3170aeeda407f797f07268a7d055ebc7

PODFILE CHECKSUM: df1bb437e33f92fe371bd41d251b0e5acb2bb4c3

COCOAPODS: 1.9.3
