// !$*UTF8*$!
{
	archiveVersion = 1;
	classes = {
	};
	objectVersion = 50;
	objects = {

/* Begin PBXBuildFile section */
		9521DCF124CA6E7F00F57495 /* AppDelegate.swift in Sources */ = {isa = PBXBuildFile; fileRef = 9521DCF024CA6E7F00F57495 /* AppDelegate.swift */; };
		9521DCF324CA6E7F00F57495 /* SceneDelegate.swift in Sources */ = {isa = PBXBuildFile; fileRef = 9521DCF224CA6E7F00F57495 /* SceneDelegate.swift */; };
		9521DCF524CA6E7F00F57495 /* ViewController.swift in Sources */ = {isa = PBXBuildFile; fileRef = 9521DCF424CA6E7F00F57495 /* ViewController.swift */; };
		9521DCF824CA6E7F00F57495 /* Main.storyboard in Resources */ = {isa = PBXBuildFile; fileRef = 9521DCF624CA6E7F00F57495 /* Main.storyboard */; };
		9521DCFA24CA6E8300F57495 /* Assets.xcassets in Resources */ = {isa = PBXBuildFile; fileRef = 9521DCF924CA6E8300F57495 /* Assets.xcassets */; };
		9521DCFD24CA6E8300F57495 /* LaunchScreen.storyboard in Resources */ = {isa = PBXBuildFile; fileRef = 9521DCFB24CA6E8300F57495 /* LaunchScreen.storyboard */; };
/* End PBXBuildFile section */

/* Begin PBXFileReference section */
		9521DCED24CA6E7F00F57495 /* DatingAppMemo.app */ = {isa = PBXFileReference; explicitFileType = wrapper.application; includeInIndex = 0; path = DatingAppMemo.app; sourceTree = BUILT_PRODUCTS_DIR; };
		9521DCF024CA6E7F00F57495 /* AppDelegate.swift */ = {isa = PBXFileReference; lastKnownFileType = sourcecode.swift; path = AppDelegate.swift; sourceTree = "<group>"; };
		9521DCF224CA6E7F00F57495 /* SceneDelegate.swift */ = {isa = PBXFileReference; lastKnownFileType = sourcecode.swift; path = SceneDelegate.swift; sourceTree = "<group>"; };
		9521DCF424CA6E7F00F57495 /* ViewController.swift */ = {isa = PBXFileReference; lastKnownFileType = sourcecode.swift; path = ViewController.swift; sourceTree = "<group>"; };
		9521DCF724CA6E7F00F57495 /* Base */ = {isa = PBXFileReference; lastKnownFileType = file.storyboard; name = Base; path = Base.lproj/Main.storyboard; sourceTree = "<group>"; };
		9521DCF924CA6E8300F57495 /* Assets.xcassets */ = {isa = PBXFileReference; lastKnownFileType = folder.assetcatalog; path = Assets.xcassets; sourceTree = "<group>"; };
		9521DCFC24CA6E8300F57495 /* Base */ = {isa = PBXFileReference; lastKnownFileType = file.storyboard; name = Base; path = Base.lproj/LaunchScreen.storyboard; sourceTree = "<group>"; };
		9521DCFE24CA6E8300F57495 /* Info.plist */ = {isa = PBXFileReference; lastKnownFileType = text.plist.xml; path = Info.plist; sourceTree = "<group>"; };
/* End PBXFileReference section */

/* Begin PBXFrameworksBuildPhase section */
		9521DCEA24CA6E7F00F57495 /* Frameworks */ = {
			isa = PBXFrameworksBuildPhase;
			buildActionMask = 2147483647;
			files = (
			);
			runOnlyForDeploymentPostprocessing = 0;
		};
/* End PBXFrameworksBuildPhase section */

/* Begin PBXGroup section */
		9521DCE424CA6E7F00F57495 = {
			isa = PBXGroup;
			children = (
				9521DCEF24CA6E7F00F57495 /* DatingAppMemo */,
				9521DCEE24CA6E7F00F57495 /* Products */,
			);
			sourceTree = "<group>";
		};
		9521DCEE24CA6E7F00F57495 /* Products */ = {
			isa = PBXGroup;
			children = (
				9521DCED24CA6E7F00F57495 /* DatingAppMemo.app */,
			);
			name = Products;
			sourceTree = "<group>";
		};
		9521DCEF24CA6E7F00F57495 /* DatingAppMemo */ = {
			isa = PBXGroup;
			children = (
				9521DCF024CA6E7F00F57495 /* AppDelegate.swift */,
				9521DCF224CA6E7F00F57495 /* SceneDelegate.swift */,
				9521DCF424CA6E7F00F57495 /* ViewController.swift */,
				9521DCF624CA6E7F00F57495 /* Main.storyboard */,
				9521DCF924CA6E8300F57495 /* Assets.xcassets */,
				9521DCFB24CA6E8300F57495 /* LaunchScreen.storyboard */,
				9521DCFE24CA6E8300F57495 /* Info.plist */,
			);
			path = DatingAppMemo;
			sourceTree = "<group>";
		};
/* End PBXGroup section */

/* Begin PBXNativeTarget section */
		9521DCEC24CA6E7F00F57495 /* DatingAppMemo */ = {
			isa = PBXNativeTarget;
			buildConfigurationList = 9521DD0124CA6E8300F57495 /* Build configuration list for PBXNativeTarget "DatingAppMemo" */;
			buildPhases = (
				9521DCE924CA6E7F00F57495 /* Sources */,
				9521DCEA24CA6E7F00F57495 /* Frameworks */,
				9521DCEB24CA6E7F00F57495 /* Resources */,
			);
			buildRules = (
			);
			dependencies = (
			);
			name = DatingAppMemo;
			productName = DatingAppMemo;
			productReference = 9521DCED24CA6E7F00F57495 /* DatingAppMemo.app */;
			productType = "com.apple.product-type.application";
		};
/* End PBXNativeTarget section */

/* Begin PBXProject section */
		9521DCE524CA6E7F00F57495 /* Project object */ = {
			isa = PBXProject;
			attributes = {
				LastSwiftUpdateCheck = 1150;
				LastUpgradeCheck = 1150;
				ORGANIZATIONNAME = "Yuki Shinohara";
				TargetAttributes = {
					9521DCEC24CA6E7F00F57495 = {
						CreatedOnToolsVersion = 11.5;
					};
				};
			};
			buildConfigurationList = 9521DCE824CA6E7F00F57495 /* Build configuration list for PBXProject "DatingAppMemo" */;
			compatibilityVersion = "Xcode 9.3";
			developmentRegion = en;
			hasScannedForEncodings = 0;
			knownRegions = (
				en,
				Base,
			);
			mainGroup = 9521DCE424CA6E7F00F57495;
			productRefGroup = 9521DCEE24CA6E7F00F57495 /* Products */;
			projectDirPath = "";
			projectRoot = "";
			targets = (
				9521DCEC24CA6E7F00F57495 /* DatingAppMemo */,
			);
		};
/* End PBXProject section */

/* Begin PBXResourcesBuildPhase section */
		9521DCEB24CA6E7F00F57495 /* Resources */ = {
			isa = PBXResourcesBuildPhase;
			buildActionMask = 2147483647;
			files = (
				9521DCFD24CA6E8300F57495 /* LaunchScreen.storyboard in Resources */,
				9521DCFA24CA6E8300F57495 /* Assets.xcassets in Resources */,
				9521DCF824CA6E7F00F57495 /* Main.storyboard in Resources */,
			);
			runOnlyForDeploymentPostprocessing = 0;
		};
/* End PBXResourcesBuildPhase section */

/* Begin PBXSourcesBuildPhase section */
		9521DCE924CA6E7F00F57495 /* Sources */ = {
			isa = PBXSourcesBuildPhase;
			buildActionMask = 2147483647;
			files = (
				9521DCF524CA6E7F00F57495 /* ViewController.swift in Sources */,
				9521DCF124CA6E7F00F57495 /* AppDelegate.swift in Sources */,
				9521DCF324CA6E7F00F57495 /* SceneDelegate.swift in Sources */,
			);
			runOnlyForDeploymentPostprocessing = 0;
		};
/* End PBXSourcesBuildPhase section */

/* Begin PBXVariantGroup section */
		9521DCF624CA6E7F00F57495 /* Main.storyboard */ = {
			isa = PBXVariantGroup;
			children = (
				9521DCF724CA6E7F00F57495 /* Base */,
			);
			name = Main.storyboard;
			sourceTree = "<group>";
		};
		9521DCFB24CA6E8300F57495 /* LaunchScreen.storyboard */ = {
			isa = PBXVariantGroup;
			children = (
				9521DCFC24CA6E8300F57495 /* Base */,
			);
			name = LaunchScreen.storyboard;
			sourceTree = "<group>";
		};
/* End PBXVariantGroup section */

/* Begin XCBuildConfiguration section */
		9521DCFF24CA6E8300F57495 /* Debug */ = {
			isa = XCBuildConfiguration;
			buildSettings = {
				ALWAYS_SEARCH_USER_PATHS = NO;
				CLANG_ANALYZER_NONNULL = YES;
				CLANG_ANALYZER_NUMBER_OBJECT_CONVERSION = YES_AGGRESSIVE;
				CLANG_CXX_LANGUAGE_STANDARD = "gnu++14";
				CLANG_CXX_LIBRARY = "libc++";
				CLANG_ENABLE_MODULES = YES;
				CLANG_ENABLE_OBJC_ARC = YES;
				CLANG_ENABLE_OBJC_WEAK = YES;
				CLANG_WARN_BLOCK_CAPTURE_AUTORELEASING = YES;
				CLANG_WARN_BOOL_CONVERSION = YES;
				CLANG_WARN_COMMA = YES;
				CLANG_WARN_CONSTANT_CONVERSION = YES;
				CLANG_WARN_DEPRECATED_OBJC_IMPLEMENTATIONS = YES;
				CLANG_WARN_DIRECT_OBJC_ISA_USAGE = YES_ERROR;
				CLANG_WARN_DOCUMENTATION_COMMENTS = YES;
				CLANG_WARN_EMPTY_BODY = YES;
				CLANG_WARN_ENUM_CONVERSION = YES;
				CLANG_WARN_INFINITE_RECURSION = YES;
				CLANG_WARN_INT_CONVERSION = YES;
				CLANG_WARN_NON_LITERAL_NULL_CONVERSION = YES;
				CLANG_WARN_OBJC_IMPLICIT_RETAIN_SELF = YES;
				CLANG_WARN_OBJC_LITERAL_CONVERSION = YES;
				CLANG_WARN_OBJC_ROOT_CLASS = YES_ERROR;
				CLANG_WARN_RANGE_LOOP_ANALYSIS = YES;
				CLANG_WARN_STRICT_PROTOTYPES = YES;
				CLANG_WARN_SUSPICIOUS_MOVE = YES;
				CLANG_WARN_UNGUARDED_AVAILABILITY = YES_AGGRESSIVE;
				CLANG_WARN_UNREACHABLE_CODE = YES;
				CLANG_WARN__DUPLICATE_METHOD_MATCH = YES;
				COPY_PHASE_STRIP = NO;
				DEBUG_INFORMATION_FORMAT = dwarf;
				ENABLE_STRICT_OBJC_MSGSEND = YES;
				ENABLE_TESTABILITY = YES;
				GCC_C_LANGUAGE_STANDARD = gnu11;
				GCC_DYNAMIC_NO_PIC = NO;
				GCC_NO_COMMON_BLOCKS = YES;
				GCC_OPTIMIZATION_LEVEL = 0;
				GCC_PREPROCESSOR_DEFINITIONS = (
					"DEBUG=1",
					"$(inherited)",
				);
				GCC_WARN_64_TO_32_BIT_CONVERSION = YES;
				GCC_WARN_ABOUT_RETURN_TYPE = YES_ERROR;
				GCC_WARN_UNDECLARED_SELECTOR = YES;
				GCC_WARN_UNINITIALIZED_AUTOS = YES_AGGRESSIVE;
				GCC_WARN_UNUSED_FUNCTION = YES;
				GCC_WARN_UNUSED_VARIABLE = YES;
				IPHONEOS_DEPLOYMENT_TARGET = 13.5;
				MTL_ENABLE_DEBUG_INFO = INCLUDE_SOURCE;
				MTL_FAST_MATH = YES;
				ONLY_ACTIVE_ARCH = YES;
				SDKROOT = iphoneos;
				SWIFT_ACTIVE_COMPILATION_CONDITIONS = DEBUG;
				SWIFT_OPTIMIZATION_LEVEL = "-Onone";
			};
			name = Debug;
		};
		9521DD0024CA6E8300F57495 /* Release */ = {
			isa = XCBuildConfiguration;
			buildSettings = {
				ALWAYS_SEARCH_USER_PATHS = NO;
				CLANG_ANALYZER_NONNULL = YES;
				CLANG_ANALYZER_NUMBER_OBJECT_CONVERSION = YES_AGGRESSIVE;
				CLANG_CXX_LANGUAGE_STANDARD = "gnu++14";
				CLANG_CXX_LIBRARY = "libc++";
				CLANG_ENABLE_MODULES = YES;
				CLANG_ENABLE_OBJC_ARC = YES;
				CLANG_ENABLE_OBJC_WEAK = YES;
				CLANG_WARN_BLOCK_CAPTURE_AUTORELEASING = YES;
				CLANG_WARN_BOOL_CONVERSION = YES;
				CLANG_WARN_COMMA = YES;
				CLANG_WARN_CONSTANT_CONVERSION = YES;
				CLANG_WARN_DEPRECATED_OBJC_IMPLEMENTATIONS = YES;
				CLANG_WARN_DIRECT_OBJC_ISA_USAGE = YES_ERROR;
				CLANG_WARN_DOCUMENTATION_COMMENTS = YES;
				CLANG_WARN_EMPTY_BODY = YES;
				CLANG_WARN_ENUM_CONVERSION = YES;
				CLANG_WARN_INFINITE_RECURSION = YES;
				CLANG_WARN_INT_CONVERSION = YES;
				CLANG_WARN_NON_LITERAL_NULL_CONVERSION = YES;
				CLANG_WARN_OBJC_IMPLICIT_RETAIN_SELF = YES;
				CLANG_WARN_OBJC_LITERAL_CONVERSION = YES;
				CLANG_WARN_OBJC_ROOT_CLASS = YES_ERROR;
				CLANG_WARN_RANGE_LOOP_ANALYSIS = YES;
				CLANG_WARN_STRICT_PROTOTYPES = YES;
				CLANG_WARN_SUSPICIOUS_MOVE = YES;
				CLANG_WARN_UNGUARDED_AVAILABILITY = YES_AGGRESSIVE;
				CLANG_WARN_UNREACHABLE_CODE = YES;
				CLANG_WARN__DUPLICATE_METHOD_MATCH = YES;
				COPY_PHASE_STRIP = NO;
				DEBUG_INFORMATION_FORMAT = "dwarf-with-dsym";
				ENABLE_NS_ASSERTIONS = NO;
				ENABLE_STRICT_OBJC_MSGSEND = YES;
				GCC_C_LANGUAGE_STANDARD = gnu11;
				GCC_NO_COMMON_BLOCKS = YES;
				GCC_WARN_64_TO_32_BIT_CONVERSION = YES;
				GCC_WARN_ABOUT_RETURN_TYPE = YES_ERROR;
				GCC_WARN_UNDECLARED_SELECTOR = YES;
				GCC_WARN_UNINITIALIZED_AUTOS = YES_AGGRESSIVE;
				GCC_WARN_UNUSED_FUNCTION = YES;
				GCC_WARN_UNUSED_VARIABLE = YES;
				IPHONEOS_DEPLOYMENT_TARGET = 13.5;
				MTL_ENABLE_DEBUG_INFO = NO;
				MTL_FAST_MATH = YES;
				SDKROOT = iphoneos;
				SWIFT_COMPILATION_MODE = wholemodule;
				SWIFT_OPTIMIZATION_LEVEL = "-O";
				VALIDATE_PRODUCT = YES;
			};
			name = Release;
		};
		9521DD0224CA6E8300F57495 /* Debug */ = {
			isa = XCBuildConfiguration;
			buildSettings = {
				ASSETCATALOG_COMPILER_APPICON_NAME = AppIcon;
				CODE_SIGN_STYLE = Automatic;
				DEVELOPMENT_TEAM = 7RFPAQ2NAA;
				INFOPLIST_FILE = DatingAppMemo/Info.plist;
				LD_RUNPATH_SEARCH_PATHS = (
					"$(inherited)",
					"@executable_path/Frameworks",
				);
				PRODUCT_BUNDLE_IDENTIFIER = com.shino.DatingAppMemo;
				PRODUCT_NAME = "$(TARGET_NAME)";
				SWIFT_VERSION = 5.0;
				TARGETED_DEVICE_FAMILY = "1,2";
			};
			name = Debug;
		};
		9521DD0324CA6E8300F57495 /* Release */ = {
			isa = XCBuildConfiguration;
			buildSettings = {
				ASSETCATALOG_COMPILER_APPICON_NAME = AppIcon;
				CODE_SIGN_STYLE = Automatic;
				DEVELOPMENT_TEAM = 7RFPAQ2NAA;
				INFOPLIST_FILE = DatingAppMemo/Info.plist;
				LD_RUNPATH_SEARCH_PATHS = (
					"$(inherited)",
					"@executable_path/Frameworks",
				);
				PRODUCT_BUNDLE_IDENTIFIER = com.shino.DatingAppMemo;
				PRODUCT_NAME = "$(TARGET_NAME)";
				SWIFT_VERSION = 5.0;
				TARGETED_DEVICE_FAMILY = "1,2";
			};
			name = Release;
		};
/* End XCBuildConfiguration section */

/* Begin XCConfigurationList section */
		9521DCE824CA6E7F00F57495 /* Build configuration list for PBXProject "DatingAppMemo" */ = {
			isa = XCConfigurationList;
			buildConfigurations = (
				9521DCFF24CA6E8300F57495 /* Debug */,
				9521DD0024CA6E8300F57495 /* Release */,
			);
			defaultConfigurationIsVisible = 0;
			defaultConfigurationName = Release;
		};
		9521DD0124CA6E8300F57495 /* Build configuration list for PBXNativeTarget "DatingAppMemo" */ = {
			isa = XCConfigurationList;
			buildConfigurations = (
				9521DD0224CA6E8300F57495 /* Debug */,
				9521DD0324CA6E8300F57495 /* Release */,
			);
			defaultConfigurationIsVisible = 0;
			defaultConfigurationName = Release;
		};
/* End XCConfigurationList section */
	};
	rootObject = 9521DCE524CA6E7F00F57495 /* Project object */;
}
