// !$*UTF8*$!
{
	archiveVersion = 1;
	classes = {
	};
	objectVersion = 51;
	objects = {

/* Begin PBXBuildFile section */
		9521DCF824CA6E7F00F57495 /* Main.storyboard in Resources */ = {isa = PBXBuildFile; fileRef = 9521DCF624CA6E7F00F57495 /* Main.storyboard */; };
		9521DCFA24CA6E8300F57495 /* Assets.xcassets in Resources */ = {isa = PBXBuildFile; fileRef = 9521DCF924CA6E8300F57495 /* Assets.xcassets */; };
		9521DCFD24CA6E8300F57495 /* LaunchScreen.storyboard in Resources */ = {isa = PBXBuildFile; fileRef = 9521DCFB24CA6E8300F57495 /* LaunchScreen.storyboard */; };
		954FA21224CE786800C3B115 /* DatingAppMemoTests.swift in Sources */ = {isa = PBXBuildFile; fileRef = 954FA21124CE786800C3B115 /* DatingAppMemoTests.swift */; };
		957FB16A24CEC4EA00094200 /* (null) in Embed Frameworks */ = {isa = PBXBuildFile; settings = {ATTRIBUTES = (CodeSignOnCopy, RemoveHeadersOnCopy, ); }; };
		959F7BE124CED79E005CE061 /* MyNavigationViewController.swift in Sources */ = {isa = PBXBuildFile; fileRef = 9521DD1024CA7BE200F57495 /* MyNavigationViewController.swift */; };
		959F7BE224CED79E005CE061 /* ModalViewController.swift in Sources */ = {isa = PBXBuildFile; fileRef = 954FA20524CD941300C3B115 /* ModalViewController.swift */; };
		959F7BE324CED79E005CE061 /* User.swift in Sources */ = {isa = PBXBuildFile; fileRef = 9521DD0724CA6EC000F57495 /* User.swift */; };
		959F7BE424CED79E005CE061 /* DataSource.swift in Sources */ = {isa = PBXBuildFile; fileRef = 9521DD0924CA704D00F57495 /* DataSource.swift */; };
		959F7BE524CED79E005CE061 /* MyColor.swift in Sources */ = {isa = PBXBuildFile; fileRef = 954FA20924CE526200C3B115 /* MyColor.swift */; };
		959F7BE624CED79E005CE061 /* ViewController.swift in Sources */ = {isa = PBXBuildFile; fileRef = 9521DCF424CA6E7F00F57495 /* ViewController.swift */; };
		959F7BE724CED79E005CE061 /* AddViewController.swift in Sources */ = {isa = PBXBuildFile; fileRef = 9521DD0C24CA706100F57495 /* AddViewController.swift */; };
		959F7BE824CED79E005CE061 /* DetailViewController.swift in Sources */ = {isa = PBXBuildFile; fileRef = 9521DD0E24CA706C00F57495 /* DetailViewController.swift */; };
		959F7BE924CED79E005CE061 /* EditViewController.swift in Sources */ = {isa = PBXBuildFile; fileRef = 95E15C9F24CBC92A008EB256 /* EditViewController.swift */; };
		959F7BEA24CED79F005CE061 /* PresentationController.swift in Sources */ = {isa = PBXBuildFile; fileRef = 954FA20724CD943C00C3B115 /* PresentationController.swift */; };
		959F7BEB24CED79F005CE061 /* AppDelegate.swift in Sources */ = {isa = PBXBuildFile; fileRef = 9521DCF024CA6E7F00F57495 /* AppDelegate.swift */; };
		959F7BEC24CED79F005CE061 /* SceneDelegate.swift in Sources */ = {isa = PBXBuildFile; fileRef = 9521DCF224CA6E7F00F57495 /* SceneDelegate.swift */; };
		959F7BEF24CEDED6005CE061 /* Pods_DatingAppMemo.framework in Frameworks */ = {isa = PBXBuildFile; fileRef = 959F7BEE24CEDED6005CE061 /* Pods_DatingAppMemo.framework */; };
		959F7BF124CEF1E2005CE061 /* Settings.bundle in Resources */ = {isa = PBXBuildFile; fileRef = 959F7BF024CEF1E2005CE061 /* Settings.bundle */; };
/* End PBXBuildFile section */

/* Begin PBXContainerItemProxy section */
		954FA21424CE786800C3B115 /* PBXContainerItemProxy */ = {
			isa = PBXContainerItemProxy;
			containerPortal = 9521DCE524CA6E7F00F57495 /* Project object */;
			proxyType = 1;
			remoteGlobalIDString = 9521DCEC24CA6E7F00F57495;
			remoteInfo = DatingAppMemo;
		};
/* End PBXContainerItemProxy section */

/* Begin PBXCopyFilesBuildPhase section */
		957FB16624CEC28100094200 /* Embed Frameworks */ = {
			isa = PBXCopyFilesBuildPhase;
			buildActionMask = 2147483647;
			dstPath = "";
			dstSubfolderSpec = 10;
			files = (
				957FB16A24CEC4EA00094200 /* (null) in Embed Frameworks */,
			);
			name = "Embed Frameworks";
			runOnlyForDeploymentPostprocessing = 0;
		};
		959F7BF524CEFE8D005CE061 /* Embed PlugIns */ = {
			isa = PBXCopyFilesBuildPhase;
			buildActionMask = 2147483647;
			dstPath = "";
			dstSubfolderSpec = 13;
			files = (
			);
			name = "Embed PlugIns";
			runOnlyForDeploymentPostprocessing = 0;
		};
/* End PBXCopyFilesBuildPhase section */

/* Begin PBXFileReference section */
		4824DA5F55AD7D7133E3DCF7 /* Pods-DatingAppMemo.release.xcconfig */ = {isa = PBXFileReference; includeInIndex = 1; lastKnownFileType = text.xcconfig; name = "Pods-DatingAppMemo.release.xcconfig"; path = "Target Support Files/Pods-DatingAppMemo/Pods-DatingAppMemo.release.xcconfig"; sourceTree = "<group>"; };
		9521DCED24CA6E7F00F57495 /* DatingAppMemo.app */ = {isa = PBXFileReference; explicitFileType = wrapper.application; includeInIndex = 0; path = DatingAppMemo.app; sourceTree = BUILT_PRODUCTS_DIR; };
		9521DCF024CA6E7F00F57495 /* AppDelegate.swift */ = {isa = PBXFileReference; lastKnownFileType = sourcecode.swift; path = AppDelegate.swift; sourceTree = "<group>"; };
		9521DCF224CA6E7F00F57495 /* SceneDelegate.swift */ = {isa = PBXFileReference; lastKnownFileType = sourcecode.swift; path = SceneDelegate.swift; sourceTree = "<group>"; };
		9521DCF424CA6E7F00F57495 /* ViewController.swift */ = {isa = PBXFileReference; lastKnownFileType = sourcecode.swift; path = ViewController.swift; sourceTree = "<group>"; };
		9521DCF724CA6E7F00F57495 /* Base */ = {isa = PBXFileReference; lastKnownFileType = file.storyboard; name = Base; path = Base.lproj/Main.storyboard; sourceTree = "<group>"; };
		9521DCF924CA6E8300F57495 /* Assets.xcassets */ = {isa = PBXFileReference; lastKnownFileType = folder.assetcatalog; path = Assets.xcassets; sourceTree = "<group>"; };
		9521DCFC24CA6E8300F57495 /* Base */ = {isa = PBXFileReference; lastKnownFileType = file.storyboard; name = Base; path = Base.lproj/LaunchScreen.storyboard; sourceTree = "<group>"; };
		9521DCFE24CA6E8300F57495 /* Info.plist */ = {isa = PBXFileReference; lastKnownFileType = text.plist.xml; path = Info.plist; sourceTree = "<group>"; };
		9521DD0724CA6EC000F57495 /* User.swift */ = {isa = PBXFileReference; lastKnownFileType = sourcecode.swift; path = User.swift; sourceTree = "<group>"; };
		9521DD0924CA704D00F57495 /* DataSource.swift */ = {isa = PBXFileReference; lastKnownFileType = sourcecode.swift; path = DataSource.swift; sourceTree = "<group>"; };
		9521DD0C24CA706100F57495 /* AddViewController.swift */ = {isa = PBXFileReference; lastKnownFileType = sourcecode.swift; path = AddViewController.swift; sourceTree = "<group>"; };
		9521DD0E24CA706C00F57495 /* DetailViewController.swift */ = {isa = PBXFileReference; lastKnownFileType = sourcecode.swift; path = DetailViewController.swift; sourceTree = "<group>"; };
		9521DD1024CA7BE200F57495 /* MyNavigationViewController.swift */ = {isa = PBXFileReference; lastKnownFileType = sourcecode.swift; path = MyNavigationViewController.swift; sourceTree = "<group>"; };
		954FA20524CD941300C3B115 /* ModalViewController.swift */ = {isa = PBXFileReference; lastKnownFileType = sourcecode.swift; path = ModalViewController.swift; sourceTree = "<group>"; };
		954FA20724CD943C00C3B115 /* PresentationController.swift */ = {isa = PBXFileReference; lastKnownFileType = sourcecode.swift; path = PresentationController.swift; sourceTree = "<group>"; };
		954FA20924CE526200C3B115 /* MyColor.swift */ = {isa = PBXFileReference; lastKnownFileType = sourcecode.swift; path = MyColor.swift; sourceTree = "<group>"; };
		954FA20F24CE786800C3B115 /* DatingAppMemoTests.xctest */ = {isa = PBXFileReference; explicitFileType = wrapper.cfbundle; includeInIndex = 0; path = DatingAppMemoTests.xctest; sourceTree = BUILT_PRODUCTS_DIR; };
		954FA21124CE786800C3B115 /* DatingAppMemoTests.swift */ = {isa = PBXFileReference; lastKnownFileType = sourcecode.swift; path = DatingAppMemoTests.swift; sourceTree = "<group>"; };
		954FA21324CE786800C3B115 /* Info.plist */ = {isa = PBXFileReference; lastKnownFileType = text.plist.xml; path = Info.plist; sourceTree = "<group>"; };
		959F7BEE24CEDED6005CE061 /* Pods_DatingAppMemo.framework */ = {isa = PBXFileReference; explicitFileType = wrapper.framework; path = Pods_DatingAppMemo.framework; sourceTree = BUILT_PRODUCTS_DIR; };
		959F7BF024CEF1E2005CE061 /* Settings.bundle */ = {isa = PBXFileReference; lastKnownFileType = "wrapper.plug-in"; path = Settings.bundle; sourceTree = "<group>"; };
		95E15C9F24CBC92A008EB256 /* EditViewController.swift */ = {isa = PBXFileReference; lastKnownFileType = sourcecode.swift; path = EditViewController.swift; sourceTree = "<group>"; };
		DBA5D890B885072C3179D319 /* Pods-DatingAppMemo.debug.xcconfig */ = {isa = PBXFileReference; includeInIndex = 1; lastKnownFileType = text.xcconfig; name = "Pods-DatingAppMemo.debug.xcconfig"; path = "Target Support Files/Pods-DatingAppMemo/Pods-DatingAppMemo.debug.xcconfig"; sourceTree = "<group>"; };
/* End PBXFileReference section */

/* Begin PBXFrameworksBuildPhase section */
		954FA20C24CE786800C3B115 /* Frameworks */ = {
			isa = PBXFrameworksBuildPhase;
			buildActionMask = 2147483647;
			files = (
			);
			runOnlyForDeploymentPostprocessing = 0;
		};
		959F7BED24CEDE4D005CE061 /* Frameworks */ = {
			isa = PBXFrameworksBuildPhase;
			buildActionMask = 2147483647;
			files = (
				959F7BEF24CEDED6005CE061 /* Pods_DatingAppMemo.framework in Frameworks */,
			);
			runOnlyForDeploymentPostprocessing = 0;
		};
/* End PBXFrameworksBuildPhase section */

/* Begin PBXGroup section */
		9521DCE424CA6E7F00F57495 = {
			isa = PBXGroup;
			children = (
				9521DCEF24CA6E7F00F57495 /* DatingAppMemo */,
				954FA21024CE786800C3B115 /* DatingAppMemoTests */,
				9521DCEE24CA6E7F00F57495 /* Products */,
				F322BD6AED58261FC9685BC1 /* Pods */,
				E54E487F5AA5DD177E2A5D4A /* Frameworks */,
			);
			sourceTree = "<group>";
		};
		9521DCEE24CA6E7F00F57495 /* Products */ = {
			isa = PBXGroup;
			children = (
				9521DCED24CA6E7F00F57495 /* DatingAppMemo.app */,
				954FA20F24CE786800C3B115 /* DatingAppMemoTests.xctest */,
			);
			name = Products;
			sourceTree = "<group>";
		};
		9521DCEF24CA6E7F00F57495 /* DatingAppMemo */ = {
			isa = PBXGroup;
			children = (
				9521DD0624CA6EAA00F57495 /* View */,
				9521DD0524CA6E9800F57495 /* Model */,
				9521DD0424CA6E8E00F57495 /* Controller */,
				9521DCF024CA6E7F00F57495 /* AppDelegate.swift */,
				9521DCF224CA6E7F00F57495 /* SceneDelegate.swift */,
				9521DCF624CA6E7F00F57495 /* Main.storyboard */,
				9521DCF924CA6E8300F57495 /* Assets.xcassets */,
				9521DCFB24CA6E8300F57495 /* LaunchScreen.storyboard */,
				9521DCFE24CA6E8300F57495 /* Info.plist */,
				959F7BF024CEF1E2005CE061 /* Settings.bundle */,
			);
			path = DatingAppMemo;
			sourceTree = "<group>";
		};
		9521DD0424CA6E8E00F57495 /* Controller */ = {
			isa = PBXGroup;
			children = (
				9521DCF424CA6E7F00F57495 /* ViewController.swift */,
				9521DD0C24CA706100F57495 /* AddViewController.swift */,
				9521DD0E24CA706C00F57495 /* DetailViewController.swift */,
				95E15C9F24CBC92A008EB256 /* EditViewController.swift */,
				954FA20724CD943C00C3B115 /* PresentationController.swift */,
			);
			path = Controller;
			sourceTree = "<group>";
		};
		9521DD0524CA6E9800F57495 /* Model */ = {
			isa = PBXGroup;
			children = (
				9521DD0724CA6EC000F57495 /* User.swift */,
				9521DD0924CA704D00F57495 /* DataSource.swift */,
				954FA20924CE526200C3B115 /* MyColor.swift */,
			);
			path = Model;
			sourceTree = "<group>";
		};
		9521DD0624CA6EAA00F57495 /* View */ = {
			isa = PBXGroup;
			children = (
				9521DD1024CA7BE200F57495 /* MyNavigationViewController.swift */,
				954FA20524CD941300C3B115 /* ModalViewController.swift */,
			);
			path = View;
			sourceTree = "<group>";
		};
		954FA21024CE786800C3B115 /* DatingAppMemoTests */ = {
			isa = PBXGroup;
			children = (
				954FA21124CE786800C3B115 /* DatingAppMemoTests.swift */,
				954FA21324CE786800C3B115 /* Info.plist */,
			);
			path = DatingAppMemoTests;
			sourceTree = "<group>";
		};
		E54E487F5AA5DD177E2A5D4A /* Frameworks */ = {
			isa = PBXGroup;
			children = (
				959F7BEE24CEDED6005CE061 /* Pods_DatingAppMemo.framework */,
			);
			name = Frameworks;
			sourceTree = "<group>";
		};
		F322BD6AED58261FC9685BC1 /* Pods */ = {
			isa = PBXGroup;
			children = (
				DBA5D890B885072C3179D319 /* Pods-DatingAppMemo.debug.xcconfig */,
				4824DA5F55AD7D7133E3DCF7 /* Pods-DatingAppMemo.release.xcconfig */,
			);
			path = Pods;
			sourceTree = "<group>";
		};
/* End PBXGroup section */

/* Begin PBXNativeTarget section */
		9521DCEC24CA6E7F00F57495 /* DatingAppMemo */ = {
			isa = PBXNativeTarget;
			buildConfigurationList = 9521DD0124CA6E8300F57495 /* Build configuration list for PBXNativeTarget "DatingAppMemo" */;
			buildPhases = (
				13D93633442F560F05A814E6 /* [CP] Check Pods Manifest.lock */,
				9521DCEB24CA6E7F00F57495 /* Resources */,
				95214F7624CA94D70010ED01 /* ShellScript */,
				957FB15C24CEA19D00094200 /* LicensePlist */,
				957FB16624CEC28100094200 /* Embed Frameworks */,
				AAEC20A6769405804BD3AF9D /* [CP] Embed Pods Frameworks */,
				959F7BE024CED78A005CE061 /* Sources */,
				959F7BED24CEDE4D005CE061 /* Frameworks */,
				959F7BF524CEFE8D005CE061 /* Embed PlugIns */,
			);
			buildRules = (
			);
			dependencies = (
			);
			name = DatingAppMemo;
			productName = DatingAppMemo;
			productReference = 9521DCED24CA6E7F00F57495 /* DatingAppMemo.app */;
			productType = "com.apple.product-type.application";
		};
		954FA20E24CE786800C3B115 /* DatingAppMemoTests */ = {
			isa = PBXNativeTarget;
			buildConfigurationList = 954FA21624CE786800C3B115 /* Build configuration list for PBXNativeTarget "DatingAppMemoTests" */;
			buildPhases = (
				954FA20B24CE786800C3B115 /* Sources */,
				954FA20C24CE786800C3B115 /* Frameworks */,
				954FA20D24CE786800C3B115 /* Resources */,
			);
			buildRules = (
			);
			dependencies = (
				954FA21524CE786800C3B115 /* PBXTargetDependency */,
			);
			name = DatingAppMemoTests;
			productName = DatingAppMemoTests;
			productReference = 954FA20F24CE786800C3B115 /* DatingAppMemoTests.xctest */;
			productType = "com.apple.product-type.bundle.unit-test";
		};
/* End PBXNativeTarget section */

/* Begin PBXProject section */
		9521DCE524CA6E7F00F57495 /* Project object */ = {
			isa = PBXProject;
			attributes = {
				LastSwiftUpdateCheck = 1150;
				LastUpgradeCheck = 1150;
				ORGANIZATIONNAME = "Yuki Shinohara";
				TargetAttributes = {
					9521DCEC24CA6E7F00F57495 = {
						CreatedOnToolsVersion = 11.5;
					};
					954FA20E24CE786800C3B115 = {
						CreatedOnToolsVersion = 11.5;
						TestTargetID = 9521DCEC24CA6E7F00F57495;
					};
				};
			};
			buildConfigurationList = 9521DCE824CA6E7F00F57495 /* Build configuration list for PBXProject "DatingAppMemo" */;
			compatibilityVersion = "Xcode 9.3";
			developmentRegion = en;
			hasScannedForEncodings = 0;
			knownRegions = (
				en,
				Base,
			);
			mainGroup = 9521DCE424CA6E7F00F57495;
			productRefGroup = 9521DCEE24CA6E7F00F57495 /* Products */;
			projectDirPath = "";
			projectRoot = "";
			targets = (
				9521DCEC24CA6E7F00F57495 /* DatingAppMemo */,
				954FA20E24CE786800C3B115 /* DatingAppMemoTests */,
			);
		};
/* End PBXProject section */

/* Begin PBXResourcesBuildPhase section */
		9521DCEB24CA6E7F00F57495 /* Resources */ = {
			isa = PBXResourcesBuildPhase;
			buildActionMask = 2147483647;
			files = (
				959F7BF124CEF1E2005CE061 /* Settings.bundle in Resources */,
				9521DCFD24CA6E8300F57495 /* LaunchScreen.storyboard in Resources */,
				9521DCFA24CA6E8300F57495 /* Assets.xcassets in Resources */,
				9521DCF824CA6E7F00F57495 /* Main.storyboard in Resources */,
			);
			runOnlyForDeploymentPostprocessing = 0;
		};
		954FA20D24CE786800C3B115 /* Resources */ = {
			isa = PBXResourcesBuildPhase;
			buildActionMask = 2147483647;
			files = (
			);
			runOnlyForDeploymentPostprocessing = 0;
		};
/* End PBXResourcesBuildPhase section */

/* Begin PBXShellScriptBuildPhase section */
		13D93633442F560F05A814E6 /* [CP] Check Pods Manifest.lock */ = {
			isa = PBXShellScriptBuildPhase;
			buildActionMask = 2147483647;
			files = (
			);
			inputFileListPaths = (
			);
			inputPaths = (
				"${PODS_PODFILE_DIR_PATH}/Podfile.lock",
				"${PODS_ROOT}/Manifest.lock",
			);
			name = "[CP] Check Pods Manifest.lock";
			outputFileListPaths = (
			);
			outputPaths = (
				"$(DERIVED_FILE_DIR)/Pods-DatingAppMemo-checkManifestLockResult.txt",
			);
			runOnlyForDeploymentPostprocessing = 0;
			shellPath = /bin/sh;
			shellScript = "diff \"${PODS_PODFILE_DIR_PATH}/Podfile.lock\" \"${PODS_ROOT}/Manifest.lock\" > /dev/null\nif [ $? != 0 ] ; then\n    # print error to STDERR\n    echo \"error: The sandbox is not in sync with the Podfile.lock. Run 'pod install' or update your CocoaPods installation.\" >&2\n    exit 1\nfi\n# This output is used by Xcode 'outputs' to avoid re-running this script phase.\necho \"SUCCESS\" > \"${SCRIPT_OUTPUT_FILE_0}\"\n";
			showEnvVarsInLog = 0;
		};
		95214F7624CA94D70010ED01 /* ShellScript */ = {
			isa = PBXShellScriptBuildPhase;
			buildActionMask = 2147483647;
			files = (
			);
			inputFileListPaths = (
			);
			inputPaths = (
			);
			outputFileListPaths = (
			);
			outputPaths = (
			);
			runOnlyForDeploymentPostprocessing = 0;
			shellPath = /bin/sh;
			shellScript = "
";
		};
		957FB15C24CEA19D00094200 /* LicensePlist */ = {
			isa = PBXShellScriptBuildPhase;
			buildActionMask = 2147483647;
			files = (
			);
			inputFileListPaths = (
			);
			inputPaths = (
			);
			name = LicensePlist;
			outputFileListPaths = (
			);
			outputPaths = (
			);
			runOnlyForDeploymentPostprocessing = 0;
			shellPath = /bin/sh;
			shellScript = "if [ $CONFIGURATION = \"Debug\" ]; then\n    ${PODS_ROOT}/LicensePlist/license-plist --output-path $PROJECT_NAME/Settings.bundle\nfi\n";
		};
		AAEC20A6769405804BD3AF9D /* [CP] Embed Pods Frameworks */ = {
			isa = PBXShellScriptBuildPhase;
			buildActionMask = 2147483647;
			files = (
			);
			inputFileListPaths = (
				"${PODS_ROOT}/Target Support Files/Pods-DatingAppMemo/Pods-DatingAppMemo-frameworks-${CONFIGURATION}-input-files.xcfilelist",
			);
			inputPaths = (
			);
			name = "[CP] Embed Pods Frameworks";
			outputFileListPaths = (
				"${PODS_ROOT}/Target Support Files/Pods-DatingAppMemo/Pods-DatingAppMemo-frameworks-${CONFIGURATION}-output-files.xcfilelist",
			);
			runOnlyForDeploymentPostprocessing = 0;
			shellPath = /bin/sh;
			shellScript = "\"${PODS_ROOT}/Target Support Files/Pods-DatingAppMemo/Pods-DatingAppMemo-frameworks.sh\"\n";
		};
/* End PBXShellScriptBuildPhase section */

/* Begin PBXSourcesBuildPhase section */
		954FA20B24CE786800C3B115 /* Sources */ = {
			isa = PBXSourcesBuildPhase;
			buildActionMask = 2147483647;
			files = (
				954FA21224CE786800C3B115 /* DatingAppMemoTests.swift in Sources */,
			);
			runOnlyForDeploymentPostprocessing = 0;
		};
		959F7BE024CED78A005CE061 /* Sources */ = {
			isa = PBXSourcesBuildPhase;
			buildActionMask = 2147483647;
			files = (
				959F7BE124CED79E005CE061 /* MyNavigationViewController.swift in Sources */,
				959F7BE224CED79E005CE061 /* ModalViewController.swift in Sources */,
				959F7BE324CED79E005CE061 /* User.swift in Sources */,
				959F7BE424CED79E005CE061 /* DataSource.swift in Sources */,
				959F7BE524CED79E005CE061 /* MyColor.swift in Sources */,
				959F7BE624CED79E005CE061 /* ViewController.swift in Sources */,
				959F7BE724CED79E005CE061 /* AddViewController.swift in Sources */,
				959F7BE824CED79E005CE061 /* DetailViewController.swift in Sources */,
				959F7BE924CED79E005CE061 /* EditViewController.swift in Sources */,
				959F7BEA24CED79F005CE061 /* PresentationController.swift in Sources */,
				959F7BEB24CED79F005CE061 /* AppDelegate.swift in Sources */,
				959F7BEC24CED79F005CE061 /* SceneDelegate.swift in Sources */,
			);
			runOnlyForDeploymentPostprocessing = 0;
		};
/* End PBXSourcesBuildPhase section */

/* Begin PBXTargetDependency section */
		954FA21524CE786800C3B115 /* PBXTargetDependency */ = {
			isa = PBXTargetDependency;
			target = 9521DCEC24CA6E7F00F57495 /* DatingAppMemo */;
			targetProxy = 954FA21424CE786800C3B115 /* PBXContainerItemProxy */;
		};
/* End PBXTargetDependency section */

/* Begin PBXVariantGroup section */
		9521DCF624CA6E7F00F57495 /* Main.storyboard */ = {
			isa = PBXVariantGroup;
			children = (
				9521DCF724CA6E7F00F57495 /* Base */,
			);
			name = Main.storyboard;
			sourceTree = "<group>";
		};
		9521DCFB24CA6E8300F57495 /* LaunchScreen.storyboard */ = {
			isa = PBXVariantGroup;
			children = (
				9521DCFC24CA6E8300F57495 /* Base */,
			);
			name = LaunchScreen.storyboard;
			sourceTree = "<group>";
		};
/* End PBXVariantGroup section */

/* Begin XCBuildConfiguration section */
		9521DCFF24CA6E8300F57495 /* Debug */ = {
			isa = XCBuildConfiguration;
			buildSettings = {
				ALWAYS_SEARCH_USER_PATHS = NO;
				CLANG_ANALYZER_NONNULL = YES;
				CLANG_ANALYZER_NUMBER_OBJECT_CONVERSION = YES_AGGRESSIVE;
				CLANG_CXX_LANGUAGE_STANDARD = "gnu++14";
				CLANG_CXX_LIBRARY = "libc++";
				CLANG_ENABLE_MODULES = YES;
				CLANG_ENABLE_OBJC_ARC = YES;
				CLANG_ENABLE_OBJC_WEAK = YES;
				CLANG_WARN_BLOCK_CAPTURE_AUTORELEASING = YES;
				CLANG_WARN_BOOL_CONVERSION = YES;
				CLANG_WARN_COMMA = YES;
				CLANG_WARN_CONSTANT_CONVERSION = YES;
				CLANG_WARN_DEPRECATED_OBJC_IMPLEMENTATIONS = YES;
				CLANG_WARN_DIRECT_OBJC_ISA_USAGE = YES_ERROR;
				CLANG_WARN_DOCUMENTATION_COMMENTS = YES;
				CLANG_WARN_EMPTY_BODY = YES;
				CLANG_WARN_ENUM_CONVERSION = YES;
				CLANG_WARN_INFINITE_RECURSION = YES;
				CLANG_WARN_INT_CONVERSION = YES;
				CLANG_WARN_NON_LITERAL_NULL_CONVERSION = YES;
				CLANG_WARN_OBJC_IMPLICIT_RETAIN_SELF = YES;
				CLANG_WARN_OBJC_LITERAL_CONVERSION = YES;
				CLANG_WARN_OBJC_ROOT_CLASS = YES_ERROR;
				CLANG_WARN_RANGE_LOOP_ANALYSIS = YES;
				CLANG_WARN_STRICT_PROTOTYPES = YES;
				CLANG_WARN_SUSPICIOUS_MOVE = YES;
				CLANG_WARN_UNGUARDED_AVAILABILITY = YES_AGGRESSIVE;
				CLANG_WARN_UNREACHABLE_CODE = YES;
				CLANG_WARN__DUPLICATE_METHOD_MATCH = YES;
				COPY_PHASE_STRIP = NO;
				DEBUG_INFORMATION_FORMAT = dwarf;
				ENABLE_STRICT_OBJC_MSGSEND = YES;
				ENABLE_TESTABILITY = YES;
				GCC_C_LANGUAGE_STANDARD = gnu11;
				GCC_DYNAMIC_NO_PIC = NO;
				GCC_NO_COMMON_BLOCKS = YES;
				GCC_OPTIMIZATION_LEVEL = 0;
				GCC_PREPROCESSOR_DEFINITIONS = (
					"DEBUG=1",
					"$(inherited)",
				);
				GCC_WARN_64_TO_32_BIT_CONVERSION = YES;
				GCC_WARN_ABOUT_RETURN_TYPE = YES_ERROR;
				GCC_WARN_UNDECLARED_SELECTOR = YES;
				GCC_WARN_UNINITIALIZED_AUTOS = YES_AGGRESSIVE;
				GCC_WARN_UNUSED_FUNCTION = YES;
				GCC_WARN_UNUSED_VARIABLE = YES;
				IPHONEOS_DEPLOYMENT_TARGET = 13.5;
				MTL_ENABLE_DEBUG_INFO = INCLUDE_SOURCE;
				MTL_FAST_MATH = YES;
				ONLY_ACTIVE_ARCH = YES;
				SDKROOT = iphoneos;
				SWIFT_ACTIVE_COMPILATION_CONDITIONS = DEBUG;
				SWIFT_OPTIMIZATION_LEVEL = "-Onone";
			};
			name = Debug;
		};
		9521DD0024CA6E8300F57495 /* Release */ = {
			isa = XCBuildConfiguration;
			buildSettings = {
				ALWAYS_SEARCH_USER_PATHS = NO;
				CLANG_ANALYZER_NONNULL = YES;
				CLANG_ANALYZER_NUMBER_OBJECT_CONVERSION = YES_AGGRESSIVE;
				CLANG_CXX_LANGUAGE_STANDARD = "gnu++14";
				CLANG_CXX_LIBRARY = "libc++";
				CLANG_ENABLE_MODULES = YES;
				CLANG_ENABLE_OBJC_ARC = YES;
				CLANG_ENABLE_OBJC_WEAK = YES;
				CLANG_WARN_BLOCK_CAPTURE_AUTORELEASING = YES;
				CLANG_WARN_BOOL_CONVERSION = YES;
				CLANG_WARN_COMMA = YES;
				CLANG_WARN_CONSTANT_CONVERSION = YES;
				CLANG_WARN_DEPRECATED_OBJC_IMPLEMENTATIONS = YES;
				CLANG_WARN_DIRECT_OBJC_ISA_USAGE = YES_ERROR;
				CLANG_WARN_DOCUMENTATION_COMMENTS = YES;
				CLANG_WARN_EMPTY_BODY = YES;
				CLANG_WARN_ENUM_CONVERSION = YES;
				CLANG_WARN_INFINITE_RECURSION = YES;
				CLANG_WARN_INT_CONVERSION = YES;
				CLANG_WARN_NON_LITERAL_NULL_CONVERSION = YES;
				CLANG_WARN_OBJC_IMPLICIT_RETAIN_SELF = YES;
				CLANG_WARN_OBJC_LITERAL_CONVERSION = YES;
				CLANG_WARN_OBJC_ROOT_CLASS = YES_ERROR;
				CLANG_WARN_RANGE_LOOP_ANALYSIS = YES;
				CLANG_WARN_STRICT_PROTOTYPES = YES;
				CLANG_WARN_SUSPICIOUS_MOVE = YES;
				CLANG_WARN_UNGUARDED_AVAILABILITY = YES_AGGRESSIVE;
				CLANG_WARN_UNREACHABLE_CODE = YES;
				CLANG_WARN__DUPLICATE_METHOD_MATCH = YES;
				COPY_PHASE_STRIP = NO;
				DEBUG_INFORMATION_FORMAT = "dwarf-with-dsym";
				ENABLE_NS_ASSERTIONS = NO;
				ENABLE_STRICT_OBJC_MSGSEND = YES;
				GCC_C_LANGUAGE_STANDARD = gnu11;
				GCC_NO_COMMON_BLOCKS = YES;
				GCC_WARN_64_TO_32_BIT_CONVERSION = YES;
				GCC_WARN_ABOUT_RETURN_TYPE = YES_ERROR;
				GCC_WARN_UNDECLARED_SELECTOR = YES;
				GCC_WARN_UNINITIALIZED_AUTOS = YES_AGGRESSIVE;
				GCC_WARN_UNUSED_FUNCTION = YES;
				GCC_WARN_UNUSED_VARIABLE = YES;
				IPHONEOS_DEPLOYMENT_TARGET = 13.5;
				MTL_ENABLE_DEBUG_INFO = NO;
				MTL_FAST_MATH = YES;
				SDKROOT = iphoneos;
				SWIFT_COMPILATION_MODE = wholemodule;
				SWIFT_OPTIMIZATION_LEVEL = "-O";
				VALIDATE_PRODUCT = YES;
			};
			name = Release;
		};
		9521DD0224CA6E8300F57495 /* Debug */ = {
			isa = XCBuildConfiguration;
			baseConfigurationReference = DBA5D890B885072C3179D319 /* Pods-DatingAppMemo.debug.xcconfig */;
			buildSettings = {
				ASSETCATALOG_COMPILER_APPICON_NAME = AppIcon;
				CODE_SIGN_STYLE = Automatic;
				DEVELOPMENT_TEAM = 7RFPAQ2NAA;
				INFOPLIST_FILE = DatingAppMemo/Info.plist;
				LD_RUNPATH_SEARCH_PATHS = (
					"$(inherited)",
					"@executable_path/Frameworks",
				);
				MARKETING_VERSION = 1.0.0;
				PRODUCT_BUNDLE_IDENTIFIER = com.shino.DatingAppMemo;
				PRODUCT_NAME = "$(TARGET_NAME)";
				SWIFT_VERSION = 5.0;
				TARGETED_DEVICE_FAMILY = "1,2";
			};
			name = Debug;
		};
		9521DD0324CA6E8300F57495 /* Release */ = {
			isa = XCBuildConfiguration;
			baseConfigurationReference = 4824DA5F55AD7D7133E3DCF7 /* Pods-DatingAppMemo.release.xcconfig */;
			buildSettings = {
				ASSETCATALOG_COMPILER_APPICON_NAME = AppIcon;
				CODE_SIGN_STYLE = Automatic;
				DEVELOPMENT_TEAM = 7RFPAQ2NAA;
				INFOPLIST_FILE = DatingAppMemo/Info.plist;
				LD_RUNPATH_SEARCH_PATHS = (
					"$(inherited)",
					"@executable_path/Frameworks",
				);
				MARKETING_VERSION = 1.0.0;
				PRODUCT_BUNDLE_IDENTIFIER = com.shino.DatingAppMemo;
				PRODUCT_NAME = "$(TARGET_NAME)";
				SWIFT_VERSION = 5.0;
				TARGETED_DEVICE_FAMILY = "1,2";
			};
			name = Release;
		};
		954FA21724CE786800C3B115 /* Debug */ = {
			isa = XCBuildConfiguration;
			buildSettings = {
				ALWAYS_EMBED_SWIFT_STANDARD_LIBRARIES = YES;
				BUNDLE_LOADER = "$(TEST_HOST)";
				CODE_SIGN_STYLE = Automatic;
				DEVELOPMENT_TEAM = 7RFPAQ2NAA;
				INFOPLIST_FILE = DatingAppMemoTests/Info.plist;
				LD_RUNPATH_SEARCH_PATHS = (
					"$(inherited)",
					"@executable_path/Frameworks",
					"@loader_path/Frameworks",
				);
				PRODUCT_BUNDLE_IDENTIFIER = com.shino.DatingAppMemoTests;
				PRODUCT_NAME = "$(TARGET_NAME)";
				SWIFT_VERSION = 5.0;
				TARGETED_DEVICE_FAMILY = "1,2";
				TEST_HOST = "$(BUILT_PRODUCTS_DIR)/DatingAppMemo.app/DatingAppMemo";
			};
			name = Debug;
		};
		954FA21824CE786800C3B115 /* Release */ = {
			isa = XCBuildConfiguration;
			buildSettings = {
				ALWAYS_EMBED_SWIFT_STANDARD_LIBRARIES = YES;
				BUNDLE_LOADER = "$(TEST_HOST)";
				CODE_SIGN_STYLE = Automatic;
				DEVELOPMENT_TEAM = 7RFPAQ2NAA;
				INFOPLIST_FILE = DatingAppMemoTests/Info.plist;
				LD_RUNPATH_SEARCH_PATHS = (
					"$(inherited)",
					"@executable_path/Frameworks",
					"@loader_path/Frameworks",
				);
				PRODUCT_BUNDLE_IDENTIFIER = com.shino.DatingAppMemoTests;
				PRODUCT_NAME = "$(TARGET_NAME)";
				SWIFT_VERSION = 5.0;
				TARGETED_DEVICE_FAMILY = "1,2";
				TEST_HOST = "$(BUILT_PRODUCTS_DIR)/DatingAppMemo.app/DatingAppMemo";
			};
			name = Release;
		};
/* End XCBuildConfiguration section */

/* Begin XCConfigurationList section */
		9521DCE824CA6E7F00F57495 /* Build configuration list for PBXProject "DatingAppMemo" */ = {
			isa = XCConfigurationList;
			buildConfigurations = (
				9521DCFF24CA6E8300F57495 /* Debug */,
				9521DD0024CA6E8300F57495 /* Release */,
			);
			defaultConfigurationIsVisible = 0;
			defaultConfigurationName = Release;
		};
		9521DD0124CA6E8300F57495 /* Build configuration list for PBXNativeTarget "DatingAppMemo" */ = {
			isa = XCConfigurationList;
			buildConfigurations = (
				9521DD0224CA6E8300F57495 /* Debug */,
				9521DD0324CA6E8300F57495 /* Release */,
			);
			defaultConfigurationIsVisible = 0;
			defaultConfigurationName = Release;
		};
		954FA21624CE786800C3B115 /* Build configuration list for PBXNativeTarget "DatingAppMemoTests" */ = {
			isa = XCConfigurationList;
			buildConfigurations = (
				954FA21724CE786800C3B115 /* Debug */,
				954FA21824CE786800C3B115 /* Release */,
			);
			defaultConfigurationIsVisible = 0;
			defaultConfigurationName = Release;
		};
/* End XCConfigurationList section */
	};
	rootObject = 9521DCE524CA6E7F00F57495 /* Project object */;
}
